<Solution>
  <Folder Name="/src/">
    <Project Path="src/Line.OpenApi.Bot/Line.OpenApi.Bot.csproj" />
    <Project Path="src/Line.OpenApi.ChannelAccessToken/Line.OpenApi.ChannelAccessToken.csproj" />
    <Project Path="src/Line.OpenApi.Core/Line.OpenApi.Core.csproj" />
    <Project Path="src/Line.OpenApi.Insight/Line.OpenApi.Insight.csproj" />
    <Project Path="src/Line.OpenApi.Liff/Line.OpenApi.Liff.csproj" />
    <Project Path="src/Line.OpenApi.Login/Line.OpenApi.Login.csproj" />
    <Project Path="src/Line.OpenApi.ManageAudience/Line.OpenApi.ManageAudience.csproj" />
    <Project Path="src/Line.OpenApi.Messaging.Webhook/Line.OpenApi.Messaging.Webhook.csproj" />
    <Project Path="src/Line.OpenApi.Messaging/Line.OpenApi.Messaging.csproj" />
    <Project Path="src/Line.OpenApi.MiniApp/Line.OpenApi.MiniApp.csproj" />
    <Project Path="src/Line.OpenApi.Module/Line.OpenApi.Module.csproj" />
    <Project Path="src/Line.OpenApi.Shop/Line.OpenApi.Shop.csproj" />
  </Folder>
  <Folder Name="/tools/">
    <Project Path="tools/Line.OpenApi.Extensions.AI/Line.OpenApi.Extensions.AI.csproj" />
    <Project Path="tools/Line.OpenApi.Tools/Line.OpenApi.Tools.csproj" />
  </Folder>
  <Folder Name="/samples/">
    <Project Path="samples/Line.OpenApi.Samples.Console/Line.OpenApi.Samples.Console.csproj" />
    <Project Path="samples/Line.OpenApi.Samples.Login/Line.OpenApi.Samples.Login.csproj" />
    <Project Path="samples/Line.OpenApi.Samples.Webhook/Line.OpenApi.Samples.Webhook.csproj" />
  </Folder>
  <Folder Name="/tests/">
    <Project Path="tests/Line.OpenApi.Extensions.AI.Tests/Line.OpenApi.Extensions.AI.Tests.csproj" />
    <Project Path="tests/Line.OpenApi.Tools.Tests/Line.OpenApi.Tools.Tests.csproj" />
    <Project Path="tests/Line.OpenApi.Messaging.Webhook.IsolationTests/Line.OpenApi.Messaging.Webhook.IsolationTests.csproj" />
    <Project Path="tests/Line.OpenApi.Tests/Line.OpenApi.Tests.csproj" />
  </Folder>
</Solution>
